
Microsoft Visual Studio Solution File, Format Version 12.00
# Visual Studio Version 17
VisualStudioVersion = 17.14.36915.13
MinimumVisualStudioVersion = 10.0.40219.1
Project("{FAE04EC0-301F-11D3-BF4B-00C04F79EFBC}") = "WordGameClient", "Client\WordGameClient.csproj", "{0A8D2ABF-513C-3E16-A0C2-3EC5E10F1536}"
EndProject
Project("{FAE04EC0-301F-11D3-BF4B-00C04F79EFBC}") = "WordGameServer", "Server\WordGameServer.csproj", "{3FD62796-019A-D590-58AA-33E9E2DE2AF3}"
EndProject
Global
	GlobalSection(SolutionConfigurationPlatforms) = preSolution
		Debug|Any CPU = Debug|Any CPU
		Release|Any CPU = Release|Any CPU
	EndGlobalSection
	GlobalSection(ProjectConfigurationPlatforms) = postSolution
		{0A8D2ABF-513C-3E16-A0C2-3EC5E10F1536}.Debug|Any CPU.ActiveCfg = Debug|Any CPU
		{0A8D2ABF-513C-3E16-A0C2-3EC5E10F1536}.Debug|Any CPU.Build.0 = Debug|Any CPU
		{0A8D2ABF-513C-3E16-A0C2-3EC5E10F1536}.Release|Any CPU.ActiveCfg = Release|Any CPU
		{0A8D2ABF-513C-3E16-A0C2-3EC5E10F1536}.Release|Any CPU.Build.0 = Release|Any CPU
		{3FD62796-019A-D590-58AA-33E9E2DE2AF3}.Debug|Any CPU.ActiveCfg = Debug|Any CPU
		{3FD62796-019A-D590-58AA-33E9E2DE2AF3}.Debug|Any CPU.Build.0 = Debug|Any CPU
		{3FD62796-019A-D590-58AA-33E9E2DE2AF3}.Release|Any CPU.ActiveCfg = Release|Any CPU
		{3FD62796-019A-D590-58AA-33E9E2DE2AF3}.Release|Any CPU.Build.0 = Release|Any CPU
	EndGlobalSection
	GlobalSection(SolutionProperties) = preSolution
		HideSolutionNode = FALSE
	EndGlobalSection
	GlobalSection(ExtensibilityGlobals) = postSolution
		SolutionGuid = {B9862A11-AA14-4ADF-9841-BF21B2F8FC9D}
	EndGlobalSection
EndGlobal
